
Microsoft Visual Studio Solution File, Format Version 12.00
# Visual Studio Version 17
VisualStudioVersion = 17.6.33815.320
MinimumVisualStudioVersion = 10.0.40219.1
Project("{9A19103F-16F7-4668-BE54-9A1E7A4F7556}") = "JobFinder", "JobFinder\JobFinder.csproj", "{9C382D28-5C74-4B29-9D01-2CCD4FA435D0}"
EndProject
Global
	GlobalSection(SolutionConfigurationPlatforms) = preSolution
		Debug|Any CPU = Debug|Any CPU
		Release|Any CPU = Release|Any CPU
	EndGlobalSection
	GlobalSection(ProjectConfigurationPlatforms) = postSolution
		{9C382D28-5C74-4B29-9D01-2CCD4FA435D0}.Debug|Any CPU.ActiveCfg = Debug|Any CPU
		{9C382D28-5C74-4B29-9D01-2CCD4FA435D0}.Debug|Any CPU.Build.0 = Debug|Any CPU
		{9C382D28-5C74-4B29-9D01-2CCD4FA435D0}.Release|Any CPU.ActiveCfg = Release|Any CPU
		{9C382D28-5C74-4B29-9D01-2CCD4FA435D0}.Release|Any CPU.Build.0 = Release|Any CPU
	EndGlobalSection
	GlobalSection(SolutionProperties) = preSolution
		HideSolutionNode = FALSE
	EndGlobalSection
	GlobalSection(ExtensibilityGlobals) = postSolution
		SolutionGuid = {4C8C863B-0737-4102-A5EF-F12BCD4D2442}
	EndGlobalSection
EndGlobal
